
Microsoft Visual Studio Solution File, Format Version 12.00
# Visual Studio Version 17
VisualStudioVersion = 17.10.35122.118
MinimumVisualStudioVersion = 10.0.40219.1
Project("{9A19103F-16F7-4668-BE54-9A1E7A4F7556}") = "Identity", "Identity\Identity.csproj", "{41B86212-9F38-45DE-B021-E34F676CBB6E}"
EndProject
Global
	GlobalSection(SolutionConfigurationPlatforms) = preSolution
		Debug|Any CPU = Debug|Any CPU
		Release|Any CPU = Release|Any CPU
	EndGlobalSection
	GlobalSection(ProjectConfigurationPlatforms) = postSolution
		{41B86212-9F38-45DE-B021-E34F676CBB6E}.Debug|Any CPU.ActiveCfg = Debug|Any CPU
		{41B86212-9F38-45DE-B021-E34F676CBB6E}.Debug|Any CPU.Build.0 = Debug|Any CPU
		{41B86212-9F38-45DE-B021-E34F676CBB6E}.Release|Any CPU.ActiveCfg = Release|Any CPU
		{41B86212-9F38-45DE-B021-E34F676CBB6E}.Release|Any CPU.Build.0 = Release|Any CPU
	EndGlobalSection
	GlobalSection(SolutionProperties) = preSolution
		HideSolutionNode = FALSE
	EndGlobalSection
	GlobalSection(ExtensibilityGlobals) = postSolution
		SolutionGuid = {D4F421E5-E721-4227-80FC-572C42C9E7C9}
	EndGlobalSection
EndGlobal
